<?xml version="1.0" encoding="utf-8"?>
<Project ToolsVersion="4.0" xmlns="http://schemas.microsoft.com/developer/msbuild/2003">
  <ItemGroup>
    <ClCompile Include="GLSLProgram.cpp" />
    <ClCompile Include="main.cpp" />
    <ClCompile Include="Praktikum_1.cpp">
      <Filter>Praktikum 1</Filter>
    </ClCompile>
    <ClCompile Include="Praktikum_2.cpp">
      <Filter>Praktikum 2</Filter>
    </ClCompile>
  </ItemGroup>
  <ItemGroup>
    <ClInclude Include="GLSLProgram.h" />
    <ClInclude Include="GLTools.h" />
    <ClInclude Include="Praktikum_1.h">
      <Filter>Praktikum 1</Filter>
    </ClInclude>
    <ClInclude Include="Praktikum_2.h">
      <Filter>Praktikum 2</Filter>
    </ClInclude>
  </ItemGroup>
  <ItemGroup>
    <None Include="shader\simple.frag" />
    <None Include="shader\simple.vert" />
  </ItemGroup>
  <ItemGroup>
    <Filter Include="Praktikum 1">
      <UniqueIdentifier>{d187c58c-b3e9-4d83-977b-0a27ef48f6b7}</UniqueIdentifier>
    </Filter>
    <Filter Include="Praktikum 2">
      <UniqueIdentifier>{b840a4d0-3036-488f-b7a7-1cc8fcb2b780}</UniqueIdentifier>
    </Filter>
  </ItemGroup>
</Project>